// !$*UTF8*$!
{
	archiveVersion = 1;
	classes = {
	};
	objectVersion = 51;
	objects = {

/* Begin PBXBuildFile section */
		2E5E64B325E4E37C007716AF /* AppDelegate.swift in Sources */ = {isa = PBXBuildFile; fileRef = 2E5E64B225E4E37C007716AF /* AppDelegate.swift */; };
		2E5E64B525E4E37C007716AF /* SceneDelegate.swift in Sources */ = {isa = PBXBuildFile; fileRef = 2E5E64B425E4E37C007716AF /* SceneDelegate.swift */; };
		2E5E64B725E4E37C007716AF /* ViewController.swift in Sources */ = {isa = PBXBuildFile; fileRef = 2E5E64B625E4E37C007716AF /* ViewController.swift */; };
		2E5E64BA25E4E37C007716AF /* Main.storyboard in Resources */ = {isa = PBXBuildFile; fileRef = 2E5E64B825E4E37C007716AF /* Main.storyboard */; };
		2E5E64BC25E4E37F007716AF /* Assets.xcassets in Resources */ = {isa = PBXBuildFile; fileRef = 2E5E64BB25E4E37F007716AF /* Assets.xcassets */; };
		2E5E64BF25E4E37F007716AF /* LaunchScreen.storyboard in Resources */ = {isa = PBXBuildFile; fileRef = 2E5E64BD25E4E37F007716AF /* LaunchScreen.storyboard */; };
		2EBD878D25E4ECE900691AA3 /* ErrorMessageProtocol.swift in Sources */ = {isa = PBXBuildFile; fileRef = 2EBD878625E4ECE900691AA3 /* ErrorMessageProtocol.swift */; };
		2EBD878E25E4ECE900691AA3 /* ErrorTracker.swift in Sources */ = {isa = PBXBuildFile; fileRef = 2EBD878725E4ECE900691AA3 /* ErrorTracker.swift */; };
		2EBD878F25E4ECE900691AA3 /* ReadJson.swift in Sources */ = {isa = PBXBuildFile; fileRef = 2EBD878825E4ECE900691AA3 /* ReadJson.swift */; };
		2EBD879025E4ECE900691AA3 /* RealmManage.swift in Sources */ = {isa = PBXBuildFile; fileRef = 2EBD878A25E4ECE900691AA3 /* RealmManage.swift */; };
		2EBD879125E4ECE900691AA3 /* RealmManageModel.swift in Sources */ = {isa = PBXBuildFile; fileRef = 2EBD878C25E4ECE900691AA3 /* RealmManageModel.swift */; };
		2EBD879F25E4ED2100691AA3 /* Obserable+Extension.swift in Sources */ = {isa = PBXBuildFile; fileRef = 2EBD879425E4ED2000691AA3 /* Obserable+Extension.swift */; };
		2EBD87A025E4ED2100691AA3 /* UITapgesture+Extension.swift in Sources */ = {isa = PBXBuildFile; fileRef = 2EBD879525E4ED2000691AA3 /* UITapgesture+Extension.swift */; };
		2EBD87A125E4ED2100691AA3 /* UIWindow+Extension.swift in Sources */ = {isa = PBXBuildFile; fileRef = 2EBD879625E4ED2000691AA3 /* UIWindow+Extension.swift */; };
		2EBD87A225E4ED2100691AA3 /* ViewControllerExtension.swift in Sources */ = {isa = PBXBuildFile; fileRef = 2EBD879725E4ED2000691AA3 /* ViewControllerExtension.swift */; };
		2EBD87A325E4ED2100691AA3 /* CustomButton.swift in Sources */ = {isa = PBXBuildFile; fileRef = 2EBD879825E4ED2000691AA3 /* CustomButton.swift */; };
		2EBD87A425E4ED2100691AA3 /* PropertyWapper.swift in Sources */ = {isa = PBXBuildFile; fileRef = 2EBD879925E4ED2000691AA3 /* PropertyWapper.swift */; };
		2EBD87A525E4ED2100691AA3 /* ViewExtension.swift in Sources */ = {isa = PBXBuildFile; fileRef = 2EBD879A25E4ED2000691AA3 /* ViewExtension.swift */; };
		2EBD87A625E4ED2100691AA3 /* UIAllertVC+Extension.swift in Sources */ = {isa = PBXBuildFile; fileRef = 2EBD879B25E4ED2000691AA3 /* UIAllertVC+Extension.swift */; };
		2EBD87A725E4ED2100691AA3 /* Font+Extension.swift in Sources */ = {isa = PBXBuildFile; fileRef = 2EBD879C25E4ED2000691AA3 /* Font+Extension.swift */; };
		2EBD87A825E4ED2100691AA3 /* CodableExtension.swift in Sources */ = {isa = PBXBuildFile; fileRef = 2EBD879D25E4ED2000691AA3 /* CodableExtension.swift */; };
		2EBD87A925E4ED2100691AA3 /* DateExtension.swift in Sources */ = {isa = PBXBuildFile; fileRef = 2EBD879E25E4ED2000691AA3 /* DateExtension.swift */; };
		2EBD87AF25E4ED4B00691AA3 /* BaseNavigation.swift in Sources */ = {isa = PBXBuildFile; fileRef = 2EBD87AC25E4ED4B00691AA3 /* BaseNavigation.swift */; };
		2EBD87B025E4ED4B00691AA3 /* AppSettings.swift in Sources */ = {isa = PBXBuildFile; fileRef = 2EBD87AD25E4ED4B00691AA3 /* AppSettings.swift */; };
		2EBD87B125E4ED4B00691AA3 /* BaseViewController.swift in Sources */ = {isa = PBXBuildFile; fileRef = 2EBD87AE25E4ED4B00691AA3 /* BaseViewController.swift */; };
		2EBD87B825E4F00D00691AA3 /* HideNavigationViewController.swift in Sources */ = {isa = PBXBuildFile; fileRef = 2EBD87B725E4F00D00691AA3 /* HideNavigationViewController.swift */; };
		90DF7942B0FC5A18B2AB5681 /* Pods_Guitar.framework in Frameworks */ = {isa = PBXBuildFile; fileRef = 09EF3480243F7D6573FE7A05 /* Pods_Guitar.framework */; };
/* End PBXBuildFile section */

/* Begin PBXFileReference section */
		058CB649CC4F2682D212381C /* Pods-Guitar.release.xcconfig */ = {isa = PBXFileReference; includeInIndex = 1; lastKnownFileType = text.xcconfig; name = "Pods-Guitar.release.xcconfig"; path = "Target Support Files/Pods-Guitar/Pods-Guitar.release.xcconfig"; sourceTree = "<group>"; };
		09EF3480243F7D6573FE7A05 /* Pods_Guitar.framework */ = {isa = PBXFileReference; explicitFileType = wrapper.framework; includeInIndex = 0; path = Pods_Guitar.framework; sourceTree = BUILT_PRODUCTS_DIR; };
		2E5E64AF25E4E37C007716AF /* Guitar.app */ = {isa = PBXFileReference; explicitFileType = wrapper.application; includeInIndex = 0; path = Guitar.app; sourceTree = BUILT_PRODUCTS_DIR; };
		2E5E64B225E4E37C007716AF /* AppDelegate.swift */ = {isa = PBXFileReference; lastKnownFileType = sourcecode.swift; path = AppDelegate.swift; sourceTree = "<group>"; };
		2E5E64B425E4E37C007716AF /* SceneDelegate.swift */ = {isa = PBXFileReference; lastKnownFileType = sourcecode.swift; path = SceneDelegate.swift; sourceTree = "<group>"; };
		2E5E64B625E4E37C007716AF /* ViewController.swift */ = {isa = PBXFileReference; lastKnownFileType = sourcecode.swift; path = ViewController.swift; sourceTree = "<group>"; };
		2E5E64B925E4E37C007716AF /* Base */ = {isa = PBXFileReference; lastKnownFileType = file.storyboard; name = Base; path = Base.lproj/Main.storyboard; sourceTree = "<group>"; };
		2E5E64BB25E4E37F007716AF /* Assets.xcassets */ = {isa = PBXFileReference; lastKnownFileType = folder.assetcatalog; path = Assets.xcassets; sourceTree = "<group>"; };
		2E5E64BE25E4E37F007716AF /* Base */ = {isa = PBXFileReference; lastKnownFileType = file.storyboard; name = Base; path = Base.lproj/LaunchScreen.storyboard; sourceTree = "<group>"; };
		2E5E64C025E4E37F007716AF /* Info.plist */ = {isa = PBXFileReference; lastKnownFileType = text.plist.xml; path = Info.plist; sourceTree = "<group>"; };
		2EBD878625E4ECE900691AA3 /* ErrorMessageProtocol.swift */ = {isa = PBXFileReference; fileEncoding = 4; lastKnownFileType = sourcecode.swift; path = ErrorMessageProtocol.swift; sourceTree = "<group>"; };
		2EBD878725E4ECE900691AA3 /* ErrorTracker.swift */ = {isa = PBXFileReference; fileEncoding = 4; lastKnownFileType = sourcecode.swift; path = ErrorTracker.swift; sourceTree = "<group>"; };
		2EBD878825E4ECE900691AA3 /* ReadJson.swift */ = {isa = PBXFileReference; fileEncoding = 4; lastKnownFileType = sourcecode.swift; path = ReadJson.swift; sourceTree = "<group>"; };
		2EBD878A25E4ECE900691AA3 /* RealmManage.swift */ = {isa = PBXFileReference; fileEncoding = 4; lastKnownFileType = sourcecode.swift; path = RealmManage.swift; sourceTree = "<group>"; };
		2EBD878C25E4ECE900691AA3 /* RealmManageModel.swift */ = {isa = PBXFileReference; fileEncoding = 4; lastKnownFileType = sourcecode.swift; path = RealmManageModel.swift; sourceTree = "<group>"; };
		2EBD879425E4ED2000691AA3 /* Obserable+Extension.swift */ = {isa = PBXFileReference; fileEncoding = 4; lastKnownFileType = sourcecode.swift; path = "Obserable+Extension.swift"; sourceTree = "<group>"; };
		2EBD879525E4ED2000691AA3 /* UITapgesture+Extension.swift */ = {isa = PBXFileReference; fileEncoding = 4; lastKnownFileType = sourcecode.swift; path = "UITapgesture+Extension.swift"; sourceTree = "<group>"; };
		2EBD879625E4ED2000691AA3 /* UIWindow+Extension.swift */ = {isa = PBXFileReference; fileEncoding = 4; lastKnownFileType = sourcecode.swift; path = "UIWindow+Extension.swift"; sourceTree = "<group>"; };
		2EBD879725E4ED2000691AA3 /* ViewControllerExtension.swift */ = {isa = PBXFileReference; fileEncoding = 4; lastKnownFileType = sourcecode.swift; path = ViewControllerExtension.swift; sourceTree = "<group>"; };
		2EBD879825E4ED2000691AA3 /* CustomButton.swift */ = {isa = PBXFileReference; fileEncoding = 4; lastKnownFileType = sourcecode.swift; path = CustomButton.swift; sourceTree = "<group>"; };
		2EBD879925E4ED2000691AA3 /* PropertyWapper.swift */ = {isa = PBXFileReference; fileEncoding = 4; lastKnownFileType = sourcecode.swift; path = PropertyWapper.swift; sourceTree = "<group>"; };
		2EBD879A25E4ED2000691AA3 /* ViewExtension.swift */ = {isa = PBXFileReference; fileEncoding = 4; lastKnownFileType = sourcecode.swift; path = ViewExtension.swift; sourceTree = "<group>"; };
		2EBD879B25E4ED2000691AA3 /* UIAllertVC+Extension.swift */ = {isa = PBXFileReference; fileEncoding = 4; lastKnownFileType = sourcecode.swift; path = "UIAllertVC+Extension.swift"; sourceTree = "<group>"; };
		2EBD879C25E4ED2000691AA3 /* Font+Extension.swift */ = {isa = PBXFileReference; fileEncoding = 4; lastKnownFileType = sourcecode.swift; path = "Font+Extension.swift"; sourceTree = "<group>"; };
		2EBD879D25E4ED2000691AA3 /* CodableExtension.swift */ = {isa = PBXFileReference; fileEncoding = 4; lastKnownFileType = sourcecode.swift; path = CodableExtension.swift; sourceTree = "<group>"; };
		2EBD879E25E4ED2000691AA3 /* DateExtension.swift */ = {isa = PBXFileReference; fileEncoding = 4; lastKnownFileType = sourcecode.swift; path = DateExtension.swift; sourceTree = "<group>"; };
		2EBD87AC25E4ED4B00691AA3 /* BaseNavigation.swift */ = {isa = PBXFileReference; fileEncoding = 4; lastKnownFileType = sourcecode.swift; path = BaseNavigation.swift; sourceTree = "<group>"; };
		2EBD87AD25E4ED4B00691AA3 /* AppSettings.swift */ = {isa = PBXFileReference; fileEncoding = 4; lastKnownFileType = sourcecode.swift; path = AppSettings.swift; sourceTree = "<group>"; };
		2EBD87AE25E4ED4B00691AA3 /* BaseViewController.swift */ = {isa = PBXFileReference; fileEncoding = 4; lastKnownFileType = sourcecode.swift; path = BaseViewController.swift; sourceTree = "<group>"; };
		2EBD87B725E4F00D00691AA3 /* HideNavigationViewController.swift */ = {isa = PBXFileReference; lastKnownFileType = sourcecode.swift; path = HideNavigationViewController.swift; sourceTree = "<group>"; };
		3838A5F50B4554236BF07B47 /* Pods-Guitar.debug.xcconfig */ = {isa = PBXFileReference; includeInIndex = 1; lastKnownFileType = text.xcconfig; name = "Pods-Guitar.debug.xcconfig"; path = "Target Support Files/Pods-Guitar/Pods-Guitar.debug.xcconfig"; sourceTree = "<group>"; };
/* End PBXFileReference section */

/* Begin PBXFrameworksBuildPhase section */
		2E5E64AC25E4E37C007716AF /* Frameworks */ = {
			isa = PBXFrameworksBuildPhase;
			buildActionMask = 2147483647;
			files = (
				90DF7942B0FC5A18B2AB5681 /* Pods_Guitar.framework in Frameworks */,
			);
			runOnlyForDeploymentPostprocessing = 0;
		};
/* End PBXFrameworksBuildPhase section */

/* Begin PBXGroup section */
		2E5E64A625E4E37B007716AF = {
			isa = PBXGroup;
			children = (
				2E5E64B125E4E37C007716AF /* Guitar */,
				2E5E64B025E4E37C007716AF /* Products */,
				FB3DB8E353DBD975416D6C78 /* Pods */,
				4ED1F1F46B82F9B2105E973E /* Frameworks */,
			);
			sourceTree = "<group>";
		};
		2E5E64B025E4E37C007716AF /* Products */ = {
			isa = PBXGroup;
			children = (
				2E5E64AF25E4E37C007716AF /* Guitar.app */,
			);
			name = Products;
			sourceTree = "<group>";
		};
		2E5E64B125E4E37C007716AF /* Guitar */ = {
			isa = PBXGroup;
			children = (
				2EBD878525E4ECE900691AA3 /* Servies */,
				2EBD879325E4ED2000691AA3 /* Extension */,
				2EBD87AB25E4ED4B00691AA3 /* Common */,
				2EBD87B425E4EE4800691AA3 /* Modules */,
				2E5E64B225E4E37C007716AF /* AppDelegate.swift */,
				2E5E64B425E4E37C007716AF /* SceneDelegate.swift */,
				2E5E64B625E4E37C007716AF /* ViewController.swift */,
				2E5E64B825E4E37C007716AF /* Main.storyboard */,
				2E5E64BB25E4E37F007716AF /* Assets.xcassets */,
				2E5E64BD25E4E37F007716AF /* LaunchScreen.storyboard */,
				2E5E64C025E4E37F007716AF /* Info.plist */,
			);
			path = Guitar;
			sourceTree = "<group>";
		};
		2EBD878525E4ECE900691AA3 /* Servies */ = {
			isa = PBXGroup;
			children = (
				2EBD878625E4ECE900691AA3 /* ErrorMessageProtocol.swift */,
				2EBD878725E4ECE900691AA3 /* ErrorTracker.swift */,
				2EBD878825E4ECE900691AA3 /* ReadJson.swift */,
				2EBD878925E4ECE900691AA3 /* Realm */,
			);
			path = Servies;
			sourceTree = "<group>";
		};
		2EBD878925E4ECE900691AA3 /* Realm */ = {
			isa = PBXGroup;
			children = (
				2EBD878A25E4ECE900691AA3 /* RealmManage.swift */,
				2EBD878B25E4ECE900691AA3 /* Model */,
			);
			path = Realm;
			sourceTree = "<group>";
		};
		2EBD878B25E4ECE900691AA3 /* Model */ = {
			isa = PBXGroup;
			children = (
				2EBD878C25E4ECE900691AA3 /* RealmManageModel.swift */,
			);
			path = Model;
			sourceTree = "<group>";
		};
		2EBD879325E4ED2000691AA3 /* Extension */ = {
			isa = PBXGroup;
			children = (
				2EBD879425E4ED2000691AA3 /* Obserable+Extension.swift */,
				2EBD879525E4ED2000691AA3 /* UITapgesture+Extension.swift */,
				2EBD879625E4ED2000691AA3 /* UIWindow+Extension.swift */,
				2EBD879725E4ED2000691AA3 /* ViewControllerExtension.swift */,
				2EBD879825E4ED2000691AA3 /* CustomButton.swift */,
				2EBD879925E4ED2000691AA3 /* PropertyWapper.swift */,
				2EBD879A25E4ED2000691AA3 /* ViewExtension.swift */,
				2EBD879B25E4ED2000691AA3 /* UIAllertVC+Extension.swift */,
				2EBD879C25E4ED2000691AA3 /* Font+Extension.swift */,
				2EBD879D25E4ED2000691AA3 /* CodableExtension.swift */,
				2EBD879E25E4ED2000691AA3 /* DateExtension.swift */,
			);
			path = Extension;
			sourceTree = "<group>";
		};
		2EBD87AB25E4ED4B00691AA3 /* Common */ = {
			isa = PBXGroup;
			children = (
				2EBD87AC25E4ED4B00691AA3 /* BaseNavigation.swift */,
				2EBD87AD25E4ED4B00691AA3 /* AppSettings.swift */,
				2EBD87AE25E4ED4B00691AA3 /* BaseViewController.swift */,
				2EBD87B725E4F00D00691AA3 /* HideNavigationViewController.swift */,
			);
			path = Common;
			sourceTree = "<group>";
		};
		2EBD87B425E4EE4800691AA3 /* Modules */ = {
			isa = PBXGroup;
			children = (
			);
			name = Modules;
			path = "Modulé";
			sourceTree = "<group>";
		};
		4ED1F1F46B82F9B2105E973E /* Frameworks */ = {
			isa = PBXGroup;
			children = (
				09EF3480243F7D6573FE7A05 /* Pods_Guitar.framework */,
			);
			name = Frameworks;
			sourceTree = "<group>";
		};
		FB3DB8E353DBD975416D6C78 /* Pods */ = {
			isa = PBXGroup;
			children = (
				3838A5F50B4554236BF07B47 /* Pods-Guitar.debug.xcconfig */,
				058CB649CC4F2682D212381C /* Pods-Guitar.release.xcconfig */,
			);
			path = Pods;
			sourceTree = "<group>";
		};
/* End PBXGroup section */

/* Begin PBXNativeTarget section */
		2E5E64AE25E4E37C007716AF /* Guitar */ = {
			isa = PBXNativeTarget;
			buildConfigurationList = 2E5E64C325E4E37F007716AF /* Build configuration list for PBXNativeTarget "Guitar" */;
			buildPhases = (
				1322A33173ED66A7FE94F22C /* [CP] Check Pods Manifest.lock */,
				2E5E64AB25E4E37C007716AF /* Sources */,
				2E5E64AC25E4E37C007716AF /* Frameworks */,
				2E5E64AD25E4E37C007716AF /* Resources */,
				8E3DB0766E527428083B687A /* [CP] Embed Pods Frameworks */,
				7E734C634FAA07DD0FF9E203 /* [CP] Copy Pods Resources */,
			);
			buildRules = (
			);
			dependencies = (
			);
			name = Guitar;
			productName = Guitar;
			productReference = 2E5E64AF25E4E37C007716AF /* Guitar.app */;
			productType = "com.apple.product-type.application";
		};
/* End PBXNativeTarget section */

/* Begin PBXProject section */
		2E5E64A725E4E37B007716AF /* Project object */ = {
			isa = PBXProject;
			attributes = {
				LastSwiftUpdateCheck = 1210;
				LastUpgradeCheck = 1210;
				TargetAttributes = {
					2E5E64AE25E4E37C007716AF = {
						CreatedOnToolsVersion = 12.1;
					};
				};
			};
			buildConfigurationList = 2E5E64AA25E4E37B007716AF /* Build configuration list for PBXProject "Guitar" */;
			compatibilityVersion = "Xcode 9.3";
			developmentRegion = en;
			hasScannedForEncodings = 0;
			knownRegions = (
				en,
				Base,
			);
			mainGroup = 2E5E64A625E4E37B007716AF;
			productRefGroup = 2E5E64B025E4E37C007716AF /* Products */;
			projectDirPath = "";
			projectRoot = "";
			targets = (
				2E5E64AE25E4E37C007716AF /* Guitar */,
			);
		};
/* End PBXProject section */

/* Begin PBXResourcesBuildPhase section */
		2E5E64AD25E4E37C007716AF /* Resources */ = {
			isa = PBXResourcesBuildPhase;
			buildActionMask = 2147483647;
			files = (
				2E5E64BF25E4E37F007716AF /* LaunchScreen.storyboard in Resources */,
				2E5E64BC25E4E37F007716AF /* Assets.xcassets in Resources */,
				2E5E64BA25E4E37C007716AF /* Main.storyboard in Resources */,
			);
			runOnlyForDeploymentPostprocessing = 0;
		};
/* End PBXResourcesBuildPhase section */

/* Begin PBXShellScriptBuildPhase section */
		1322A33173ED66A7FE94F22C /* [CP] Check Pods Manifest.lock */ = {
			isa = PBXShellScriptBuildPhase;
			buildActionMask = 2147483647;
			files = (
			);
			inputFileListPaths = (
			);
			inputPaths = (
				"${PODS_PODFILE_DIR_PATH}/Podfile.lock",
				"${PODS_ROOT}/Manifest.lock",
			);
			name = "[CP] Check Pods Manifest.lock";
			outputFileListPaths = (
			);
			outputPaths = (
				"$(DERIVED_FILE_DIR)/Pods-Guitar-checkManifestLockResult.txt",
			);
			runOnlyForDeploymentPostprocessing = 0;
			shellPath = /bin/sh;
			shellScript = "diff \"${PODS_PODFILE_DIR_PATH}/Podfile.lock\" \"${PODS_ROOT}/Manifest.lock\" > /dev/null\nif [ $? != 0 ] ; then\n    # print error to STDERR\n    echo \"error: The sandbox is not in sync with the Podfile.lock. Run 'pod install' or update your CocoaPods installation.\" >&2\n    exit 1\nfi\n# This output is used by Xcode 'outputs' to avoid re-running this script phase.\necho \"SUCCESS\" > \"${SCRIPT_OUTPUT_FILE_0}\"\n";
			showEnvVarsInLog = 0;
		};
		7E734C634FAA07DD0FF9E203 /* [CP] Copy Pods Resources */ = {
			isa = PBXShellScriptBuildPhase;
			buildActionMask = 2147483647;
			files = (
			);
			inputFileListPaths = (
				"${PODS_ROOT}/Target Support Files/Pods-Guitar/Pods-Guitar-resources-${CONFIGURATION}-input-files.xcfilelist",
			);
			name = "[CP] Copy Pods Resources";
			outputFileListPaths = (
				"${PODS_ROOT}/Target Support Files/Pods-Guitar/Pods-Guitar-resources-${CONFIGURATION}-output-files.xcfilelist",
			);
			runOnlyForDeploymentPostprocessing = 0;
			shellPath = /bin/sh;
			shellScript = "\"${PODS_ROOT}/Target Support Files/Pods-Guitar/Pods-Guitar-resources.sh\"\n";
			showEnvVarsInLog = 0;
		};
		8E3DB0766E527428083B687A /* [CP] Embed Pods Frameworks */ = {
			isa = PBXShellScriptBuildPhase;
			buildActionMask = 2147483647;
			files = (
			);
			inputFileListPaths = (
				"${PODS_ROOT}/Target Support Files/Pods-Guitar/Pods-Guitar-frameworks-${CONFIGURATION}-input-files.xcfilelist",
			);
			name = "[CP] Embed Pods Frameworks";
			outputFileListPaths = (
				"${PODS_ROOT}/Target Support Files/Pods-Guitar/Pods-Guitar-frameworks-${CONFIGURATION}-output-files.xcfilelist",
			);
			runOnlyForDeploymentPostprocessing = 0;
			shellPath = /bin/sh;
			shellScript = "\"${PODS_ROOT}/Target Support Files/Pods-Guitar/Pods-Guitar-frameworks.sh\"\n";
			showEnvVarsInLog = 0;
		};
/* End PBXShellScriptBuildPhase section */

/* Begin PBXSourcesBuildPhase section */
		2E5E64AB25E4E37C007716AF /* Sources */ = {
			isa = PBXSourcesBuildPhase;
			buildActionMask = 2147483647;
			files = (
				2EBD87A325E4ED2100691AA3 /* CustomButton.swift in Sources */,
				2EBD879F25E4ED2100691AA3 /* Obserable+Extension.swift in Sources */,
				2EBD87B025E4ED4B00691AA3 /* AppSettings.swift in Sources */,
				2EBD87AF25E4ED4B00691AA3 /* BaseNavigation.swift in Sources */,
				2EBD87A825E4ED2100691AA3 /* CodableExtension.swift in Sources */,
				2E5E64B725E4E37C007716AF /* ViewController.swift in Sources */,
				2EBD87A725E4ED2100691AA3 /* Font+Extension.swift in Sources */,
				2EBD87A925E4ED2100691AA3 /* DateExtension.swift in Sources */,
				2E5E64B325E4E37C007716AF /* AppDelegate.swift in Sources */,
				2EBD87A025E4ED2100691AA3 /* UITapgesture+Extension.swift in Sources */,
				2EBD87A425E4ED2100691AA3 /* PropertyWapper.swift in Sources */,
				2EBD87A125E4ED2100691AA3 /* UIWindow+Extension.swift in Sources */,
				2EBD878D25E4ECE900691AA3 /* ErrorMessageProtocol.swift in Sources */,
				2EBD87B125E4ED4B00691AA3 /* BaseViewController.swift in Sources */,
				2EBD87A625E4ED2100691AA3 /* UIAllertVC+Extension.swift in Sources */,
				2EBD879025E4ECE900691AA3 /* RealmManage.swift in Sources */,
				2EBD87A525E4ED2100691AA3 /* ViewExtension.swift in Sources */,
				2EBD879125E4ECE900691AA3 /* RealmManageModel.swift in Sources */,
				2EBD87A225E4ED2100691AA3 /* ViewControllerExtension.swift in Sources */,
				2EBD87B825E4F00D00691AA3 /* HideNavigationViewController.swift in Sources */,
				2EBD878F25E4ECE900691AA3 /* ReadJson.swift in Sources */,
				2E5E64B525E4E37C007716AF /* SceneDelegate.swift in Sources */,
				2EBD878E25E4ECE900691AA3 /* ErrorTracker.swift in Sources */,
			);
			runOnlyForDeploymentPostprocessing = 0;
		};
/* End PBXSourcesBuildPhase section */

/* Begin PBXVariantGroup section */
		2E5E64B825E4E37C007716AF /* Main.storyboard */ = {
			isa = PBXVariantGroup;
			children = (
				2E5E64B925E4E37C007716AF /* Base */,
			);
			name = Main.storyboard;
			sourceTree = "<group>";
		};
		2E5E64BD25E4E37F007716AF /* LaunchScreen.storyboard */ = {
			isa = PBXVariantGroup;
			children = (
				2E5E64BE25E4E37F007716AF /* Base */,
			);
			name = LaunchScreen.storyboard;
			sourceTree = "<group>";
		};
/* End PBXVariantGroup section */

/* Begin XCBuildConfiguration section */
		2E5E64C125E4E37F007716AF /* Debug */ = {
			isa = XCBuildConfiguration;
			buildSettings = {
				ALWAYS_SEARCH_USER_PATHS = NO;
				CLANG_ANALYZER_NONNULL = YES;
				CLANG_ANALYZER_NUMBER_OBJECT_CONVERSION = YES_AGGRESSIVE;
				CLANG_CXX_LANGUAGE_STANDARD = "gnu++14";
				CLANG_CXX_LIBRARY = "libc++";
				CLANG_ENABLE_MODULES = YES;
				CLANG_ENABLE_OBJC_ARC = YES;
				CLANG_ENABLE_OBJC_WEAK = YES;
				CLANG_WARN_BLOCK_CAPTURE_AUTORELEASING = YES;
				CLANG_WARN_BOOL_CONVERSION = YES;
				CLANG_WARN_COMMA = YES;
				CLANG_WARN_CONSTANT_CONVERSION = YES;
				CLANG_WARN_DEPRECATED_OBJC_IMPLEMENTATIONS = YES;
				CLANG_WARN_DIRECT_OBJC_ISA_USAGE = YES_ERROR;
				CLANG_WARN_DOCUMENTATION_COMMENTS = YES;
				CLANG_WARN_EMPTY_BODY = YES;
				CLANG_WARN_ENUM_CONVERSION = YES;
				CLANG_WARN_INFINITE_RECURSION = YES;
				CLANG_WARN_INT_CONVERSION = YES;
				CLANG_WARN_NON_LITERAL_NULL_CONVERSION = YES;
				CLANG_WARN_OBJC_IMPLICIT_RETAIN_SELF = YES;
				CLANG_WARN_OBJC_LITERAL_CONVERSION = YES;
				CLANG_WARN_OBJC_ROOT_CLASS = YES_ERROR;
				CLANG_WARN_QUOTED_INCLUDE_IN_FRAMEWORK_HEADER = YES;
				CLANG_WARN_RANGE_LOOP_ANALYSIS = YES;
				CLANG_WARN_STRICT_PROTOTYPES = YES;
				CLANG_WARN_SUSPICIOUS_MOVE = YES;
				CLANG_WARN_UNGUARDED_AVAILABILITY = YES_AGGRESSIVE;
				CLANG_WARN_UNREACHABLE_CODE = YES;
				CLANG_WARN__DUPLICATE_METHOD_MATCH = YES;
				COPY_PHASE_STRIP = NO;
				DEBUG_INFORMATION_FORMAT = dwarf;
				ENABLE_STRICT_OBJC_MSGSEND = YES;
				ENABLE_TESTABILITY = YES;
				GCC_C_LANGUAGE_STANDARD = gnu11;
				GCC_DYNAMIC_NO_PIC = NO;
				GCC_NO_COMMON_BLOCKS = YES;
				GCC_OPTIMIZATION_LEVEL = 0;
				GCC_PREPROCESSOR_DEFINITIONS = (
					"DEBUG=1",
					"$(inherited)",
				);
				GCC_WARN_64_TO_32_BIT_CONVERSION = YES;
				GCC_WARN_ABOUT_RETURN_TYPE = YES_ERROR;
				GCC_WARN_UNDECLARED_SELECTOR = YES;
				GCC_WARN_UNINITIALIZED_AUTOS = YES_AGGRESSIVE;
				GCC_WARN_UNUSED_FUNCTION = YES;
				GCC_WARN_UNUSED_VARIABLE = YES;
				IPHONEOS_DEPLOYMENT_TARGET = 11.0;
				MTL_ENABLE_DEBUG_INFO = INCLUDE_SOURCE;
				MTL_FAST_MATH = YES;
				ONLY_ACTIVE_ARCH = YES;
				SDKROOT = iphoneos;
				SWIFT_ACTIVE_COMPILATION_CONDITIONS = DEBUG;
				SWIFT_OPTIMIZATION_LEVEL = "-Onone";
			};
			name = Debug;
		};
		2E5E64C225E4E37F007716AF /* Release */ = {
			isa = XCBuildConfiguration;
			buildSettings = {
				ALWAYS_SEARCH_USER_PATHS = NO;
				CLANG_ANALYZER_NONNULL = YES;
				CLANG_ANALYZER_NUMBER_OBJECT_CONVERSION = YES_AGGRESSIVE;
				CLANG_CXX_LANGUAGE_STANDARD = "gnu++14";
				CLANG_CXX_LIBRARY = "libc++";
				CLANG_ENABLE_MODULES = YES;
				CLANG_ENABLE_OBJC_ARC = YES;
				CLANG_ENABLE_OBJC_WEAK = YES;
				CLANG_WARN_BLOCK_CAPTURE_AUTORELEASING = YES;
				CLANG_WARN_BOOL_CONVERSION = YES;
				CLANG_WARN_COMMA = YES;
				CLANG_WARN_CONSTANT_CONVERSION = YES;
				CLANG_WARN_DEPRECATED_OBJC_IMPLEMENTATIONS = YES;
				CLANG_WARN_DIRECT_OBJC_ISA_USAGE = YES_ERROR;
				CLANG_WARN_DOCUMENTATION_COMMENTS = YES;
				CLANG_WARN_EMPTY_BODY = YES;
				CLANG_WARN_ENUM_CONVERSION = YES;
				CLANG_WARN_INFINITE_RECURSION = YES;
				CLANG_WARN_INT_CONVERSION = YES;
				CLANG_WARN_NON_LITERAL_NULL_CONVERSION = YES;
				CLANG_WARN_OBJC_IMPLICIT_RETAIN_SELF = YES;
				CLANG_WARN_OBJC_LITERAL_CONVERSION = YES;
				CLANG_WARN_OBJC_ROOT_CLASS = YES_ERROR;
				CLANG_WARN_QUOTED_INCLUDE_IN_FRAMEWORK_HEADER = YES;
				CLANG_WARN_RANGE_LOOP_ANALYSIS = YES;
				CLANG_WARN_STRICT_PROTOTYPES = YES;
				CLANG_WARN_SUSPICIOUS_MOVE = YES;
				CLANG_WARN_UNGUARDED_AVAILABILITY = YES_AGGRESSIVE;
				CLANG_WARN_UNREACHABLE_CODE = YES;
				CLANG_WARN__DUPLICATE_METHOD_MATCH = YES;
				COPY_PHASE_STRIP = NO;
				DEBUG_INFORMATION_FORMAT = "dwarf-with-dsym";
				ENABLE_NS_ASSERTIONS = NO;
				ENABLE_STRICT_OBJC_MSGSEND = YES;
				GCC_C_LANGUAGE_STANDARD = gnu11;
				GCC_NO_COMMON_BLOCKS = YES;
				GCC_WARN_64_TO_32_BIT_CONVERSION = YES;
				GCC_WARN_ABOUT_RETURN_TYPE = YES_ERROR;
				GCC_WARN_UNDECLARED_SELECTOR = YES;
				GCC_WARN_UNINITIALIZED_AUTOS = YES_AGGRESSIVE;
				GCC_WARN_UNUSED_FUNCTION = YES;
				GCC_WARN_UNUSED_VARIABLE = YES;
				IPHONEOS_DEPLOYMENT_TARGET = 11.0;
				MTL_ENABLE_DEBUG_INFO = NO;
				MTL_FAST_MATH = YES;
				SDKROOT = iphoneos;
				SWIFT_COMPILATION_MODE = wholemodule;
				SWIFT_OPTIMIZATION_LEVEL = "-O";
				VALIDATE_PRODUCT = YES;
			};
			name = Release;
		};
		2E5E64C425E4E37F007716AF /* Debug */ = {
			isa = XCBuildConfiguration;
			baseConfigurationReference = 3838A5F50B4554236BF07B47 /* Pods-Guitar.debug.xcconfig */;
			buildSettings = {
				ASSETCATALOG_COMPILER_APPICON_NAME = AppIcon;
				ASSETCATALOG_COMPILER_GLOBAL_ACCENT_COLOR_NAME = AccentColor;
				CODE_SIGN_STYLE = Automatic;
				DEVELOPMENT_TEAM = 7VA7N3EEEN;
				INFOPLIST_FILE = Guitar/Info.plist;
				IPHONEOS_DEPLOYMENT_TARGET = 11.0;
				LD_RUNPATH_SEARCH_PATHS = (
					"$(inherited)",
					"@executable_path/Frameworks",
				);
				PRODUCT_BUNDLE_IDENTIFIER = thai.content.Guitar;
				PRODUCT_NAME = "$(TARGET_NAME)";
				SWIFT_VERSION = 5.0;
				TARGETED_DEVICE_FAMILY = "1,2";
			};
			name = Debug;
		};
		2E5E64C525E4E37F007716AF /* Release */ = {
			isa = XCBuildConfiguration;
			baseConfigurationReference = 058CB649CC4F2682D212381C /* Pods-Guitar.release.xcconfig */;
			buildSettings = {
				ASSETCATALOG_COMPILER_APPICON_NAME = AppIcon;
				ASSETCATALOG_COMPILER_GLOBAL_ACCENT_COLOR_NAME = AccentColor;
				CODE_SIGN_STYLE = Automatic;
				DEVELOPMENT_TEAM = 7VA7N3EEEN;
				INFOPLIST_FILE = Guitar/Info.plist;
				IPHONEOS_DEPLOYMENT_TARGET = 11.0;
				LD_RUNPATH_SEARCH_PATHS = (
					"$(inherited)",
					"@executable_path/Frameworks",
				);
				PRODUCT_BUNDLE_IDENTIFIER = thai.content.Guitar;
				PRODUCT_NAME = "$(TARGET_NAME)";
				SWIFT_VERSION = 5.0;
				TARGETED_DEVICE_FAMILY = "1,2";
			};
			name = Release;
		};
/* End XCBuildConfiguration section */

/* Begin XCConfigurationList section */
		2E5E64AA25E4E37B007716AF /* Build configuration list for PBXProject "Guitar" */ = {
			isa = XCConfigurationList;
			buildConfigurations = (
				2E5E64C125E4E37F007716AF /* Debug */,
				2E5E64C225E4E37F007716AF /* Release */,
			);
			defaultConfigurationIsVisible = 0;
			defaultConfigurationName = Release;
		};
		2E5E64C325E4E37F007716AF /* Build configuration list for PBXNativeTarget "Guitar" */ = {
			isa = XCConfigurationList;
			buildConfigurations = (
				2E5E64C425E4E37F007716AF /* Debug */,
				2E5E64C525E4E37F007716AF /* Release */,
			);
			defaultConfigurationIsVisible = 0;
			defaultConfigurationName = Release;
		};
/* End XCConfigurationList section */
	};
	rootObject = 2E5E64A725E4E37B007716AF /* Project object */;
}
